
Microsoft Visual Studio Solution File, Format Version 12.00
# Visual Studio 15
VisualStudioVersion = 15.0.28010.2026
MinimumVisualStudioVersion = 10.0.40219.1
Project("{FAE04EC0-301F-11D3-BF4B-00C04F79EFBC}") = "katasolving", "katasolving\katasolving.csproj", "{F7AC402E-6FB9-4DDC-AFA0-E431C28CEC8D}"
EndProject
Project("{FAE04EC0-301F-11D3-BF4B-00C04F79EFBC}") = "katasolving.test", "katasolving.test\katasolving.test.csproj", "{24BD1587-BCC6-4273-BF72-463186940AA5}"
EndProject
Global
	GlobalSection(SolutionConfigurationPlatforms) = preSolution
		Debug|Any CPU = Debug|Any CPU
		Release|Any CPU = Release|Any CPU
	EndGlobalSection
	GlobalSection(ProjectConfigurationPlatforms) = postSolution
		{F7AC402E-6FB9-4DDC-AFA0-E431C28CEC8D}.Debug|Any CPU.ActiveCfg = Debug|Any CPU
		{F7AC402E-6FB9-4DDC-AFA0-E431C28CEC8D}.Debug|Any CPU.Build.0 = Debug|Any CPU
		{F7AC402E-6FB9-4DDC-AFA0-E431C28CEC8D}.Release|Any CPU.ActiveCfg = Release|Any CPU
		{F7AC402E-6FB9-4DDC-AFA0-E431C28CEC8D}.Release|Any CPU.Build.0 = Release|Any CPU
		{24BD1587-BCC6-4273-BF72-463186940AA5}.Debug|Any CPU.ActiveCfg = Debug|Any CPU
		{24BD1587-BCC6-4273-BF72-463186940AA5}.Debug|Any CPU.Build.0 = Debug|Any CPU
		{24BD1587-BCC6-4273-BF72-463186940AA5}.Release|Any CPU.ActiveCfg = Release|Any CPU
		{24BD1587-BCC6-4273-BF72-463186940AA5}.Release|Any CPU.Build.0 = Release|Any CPU
	EndGlobalSection
	GlobalSection(SolutionProperties) = preSolution
		HideSolutionNode = FALSE
	EndGlobalSection
	GlobalSection(ExtensibilityGlobals) = postSolution
		SolutionGuid = {2013F793-189B-40B6-AFA2-134B2BCCCFC6}
	EndGlobalSection
EndGlobal
